// !$*UTF8*$!
{
	archiveVersion = 1;
	classes = {
	};
	objectVersion = 50;
	objects = {

/* Begin PBXBuildFile section */
		4C49015D24C80D65004ACA33 /* keyboardButton.swift in Sources */ = {isa = PBXBuildFile; fileRef = 4C49015C24C80D65004ACA33 /* keyboardButton.swift */; };
		4C49016024C814D3004ACA33 /* wakalitoData.swift in Sources */ = {isa = PBXBuildFile; fileRef = 4C5F6D2924C6A94B00C2F149 /* wakalitoData.swift */; };
		4C5F6CE724C697F900C2F149 /* AppDelegate.swift in Sources */ = {isa = PBXBuildFile; fileRef = 4C5F6CE624C697F900C2F149 /* AppDelegate.swift */; };
		4C5F6CE924C697F900C2F149 /* SceneDelegate.swift in Sources */ = {isa = PBXBuildFile; fileRef = 4C5F6CE824C697F900C2F149 /* SceneDelegate.swift */; };
		4C5F6CEB24C697F900C2F149 /* ViewController.swift in Sources */ = {isa = PBXBuildFile; fileRef = 4C5F6CEA24C697F900C2F149 /* ViewController.swift */; };
		4C5F6CEE24C697F900C2F149 /* Main.storyboard in Resources */ = {isa = PBXBuildFile; fileRef = 4C5F6CEC24C697F900C2F149 /* Main.storyboard */; };
		4C5F6CF024C697FB00C2F149 /* Assets.xcassets in Resources */ = {isa = PBXBuildFile; fileRef = 4C5F6CEF24C697FB00C2F149 /* Assets.xcassets */; };
		4C5F6CF324C697FB00C2F149 /* LaunchScreen.storyboard in Resources */ = {isa = PBXBuildFile; fileRef = 4C5F6CF124C697FB00C2F149 /* LaunchScreen.storyboard */; };
		4C5F6D1D24C6980A00C2F149 /* KeyboardViewController.swift in Sources */ = {isa = PBXBuildFile; fileRef = 4C5F6D1C24C6980A00C2F149 /* KeyboardViewController.swift */; };
		4C5F6D2124C6980A00C2F149 /* ilo sitelen.appex in Embed App Extensions */ = {isa = PBXBuildFile; fileRef = 4C5F6D1A24C6980A00C2F149 /* ilo sitelen.appex */; settings = {ATTRIBUTES = (RemoveHeadersOnCopy, ); }; };
		4C5F6D2724C69DE900C2F149 /* keyboardView.xib in Resources */ = {isa = PBXBuildFile; fileRef = 4C5F6D2624C69DE900C2F149 /* keyboardView.xib */; };
		BBC076E3265EB34F007C46B8 /* Assets.xcassets in Resources */ = {isa = PBXBuildFile; fileRef = 4C5F6CEF24C697FB00C2F149 /* Assets.xcassets */; };
		BBC076EA2660812A007C46B8 /* linja-sike.otf in Resources */ = {isa = PBXBuildFile; fileRef = BBC076E92660812A007C46B8 /* linja-sike.otf */; };
		BBC076EB2660812A007C46B8 /* linja-sike.otf in Resources */ = {isa = PBXBuildFile; fileRef = BBC076E92660812A007C46B8 /* linja-sike.otf */; };
		BBC076F42660D8AF007C46B8 /* wakalitoData.swift in Sources */ = {isa = PBXBuildFile; fileRef = 4C5F6D2924C6A94B00C2F149 /* wakalitoData.swift */; };
/* End PBXBuildFile section */

/* Begin PBXContainerItemProxy section */
		4C5F6D1F24C6980A00C2F149 /* PBXContainerItemProxy */ = {
			isa = PBXContainerItemProxy;
			containerPortal = 4C5F6CDB24C697F900C2F149 /* Project object */;
			proxyType = 1;
			remoteGlobalIDString = 4C5F6D1924C6980A00C2F149;
			remoteInfo = wakalito;
		};
/* End PBXContainerItemProxy section */

/* Begin PBXCopyFilesBuildPhase section */
		4C5F6D2524C6980A00C2F149 /* Embed App Extensions */ = {
			isa = PBXCopyFilesBuildPhase;
			buildActionMask = 2147483647;
			dstPath = "";
			dstSubfolderSpec = 13;
			files = (
				4C5F6D2124C6980A00C2F149 /* ilo sitelen.appex in Embed App Extensions */,
			);
			name = "Embed App Extensions";
			runOnlyForDeploymentPostprocessing = 0;
		};
/* End PBXCopyFilesBuildPhase section */

/* Begin PBXFileReference section */
		4C49015C24C80D65004ACA33 /* keyboardButton.swift */ = {isa = PBXFileReference; lastKnownFileType = sourcecode.swift; path = keyboardButton.swift; sourceTree = "<group>"; };
		4C5F6CE324C697F900C2F149 /* nasin Wakalito.app */ = {isa = PBXFileReference; explicitFileType = wrapper.application; includeInIndex = 0; path = "nasin Wakalito.app"; sourceTree = BUILT_PRODUCTS_DIR; };
		4C5F6CE624C697F900C2F149 /* AppDelegate.swift */ = {isa = PBXFileReference; lastKnownFileType = sourcecode.swift; path = AppDelegate.swift; sourceTree = "<group>"; };
		4C5F6CE824C697F900C2F149 /* SceneDelegate.swift */ = {isa = PBXFileReference; lastKnownFileType = sourcecode.swift; path = SceneDelegate.swift; sourceTree = "<group>"; };
		4C5F6CEA24C697F900C2F149 /* ViewController.swift */ = {isa = PBXFileReference; lastKnownFileType = sourcecode.swift; path = ViewController.swift; sourceTree = "<group>"; };
		4C5F6CED24C697F900C2F149 /* Base */ = {isa = PBXFileReference; lastKnownFileType = file.storyboard; name = Base; path = Base.lproj/Main.storyboard; sourceTree = "<group>"; };
		4C5F6CEF24C697FB00C2F149 /* Assets.xcassets */ = {isa = PBXFileReference; lastKnownFileType = folder.assetcatalog; path = Assets.xcassets; sourceTree = "<group>"; };
		4C5F6CF224C697FB00C2F149 /* Base */ = {isa = PBXFileReference; lastKnownFileType = file.storyboard; name = Base; path = Base.lproj/LaunchScreen.storyboard; sourceTree = "<group>"; };
		4C5F6CF424C697FB00C2F149 /* Info.plist */ = {isa = PBXFileReference; lastKnownFileType = text.plist.xml; path = Info.plist; sourceTree = "<group>"; };
		4C5F6D1A24C6980A00C2F149 /* ilo sitelen.appex */ = {isa = PBXFileReference; explicitFileType = "wrapper.app-extension"; includeInIndex = 0; path = "ilo sitelen.appex"; sourceTree = BUILT_PRODUCTS_DIR; };
		4C5F6D1C24C6980A00C2F149 /* KeyboardViewController.swift */ = {isa = PBXFileReference; lastKnownFileType = sourcecode.swift; path = KeyboardViewController.swift; sourceTree = "<group>"; };
		4C5F6D1E24C6980A00C2F149 /* Info.plist */ = {isa = PBXFileReference; lastKnownFileType = text.plist.xml; path = Info.plist; sourceTree = "<group>"; };
		4C5F6D2624C69DE900C2F149 /* keyboardView.xib */ = {isa = PBXFileReference; lastKnownFileType = file.xib; path = keyboardView.xib; sourceTree = "<group>"; };
		4C5F6D2924C6A94B00C2F149 /* wakalitoData.swift */ = {isa = PBXFileReference; lastKnownFileType = sourcecode.swift; path = wakalitoData.swift; sourceTree = "<group>"; };
		BBC076E92660812A007C46B8 /* linja-sike.otf */ = {isa = PBXFileReference; lastKnownFileType = file; path = "linja-sike.otf"; sourceTree = "<group>"; };
/* End PBXFileReference section */

/* Begin PBXFrameworksBuildPhase section */
		4C5F6CE024C697F900C2F149 /* Frameworks */ = {
			isa = PBXFrameworksBuildPhase;
			buildActionMask = 2147483647;
			files = (
			);
			runOnlyForDeploymentPostprocessing = 0;
		};
		4C5F6D1724C6980A00C2F149 /* Frameworks */ = {
			isa = PBXFrameworksBuildPhase;
			buildActionMask = 2147483647;
			files = (
			);
			runOnlyForDeploymentPostprocessing = 0;
		};
/* End PBXFrameworksBuildPhase section */

/* Begin PBXGroup section */
		4C5F6CDA24C697F900C2F149 = {
			isa = PBXGroup;
			children = (
				4C5F6CE524C697F900C2F149 /* ilo lawa */,
				4C5F6D1B24C6980A00C2F149 /* ilo sitelen */,
				4C5F6CE424C697F900C2F149 /* Products */,
			);
			sourceTree = "<group>";
		};
		4C5F6CE424C697F900C2F149 /* Products */ = {
			isa = PBXGroup;
			children = (
				4C5F6CE324C697F900C2F149 /* nasin Wakalito.app */,
				4C5F6D1A24C6980A00C2F149 /* ilo sitelen.appex */,
			);
			name = Products;
			sourceTree = "<group>";
		};
		4C5F6CE524C697F900C2F149 /* ilo lawa */ = {
			isa = PBXGroup;
			children = (
				4C5F6CE624C697F900C2F149 /* AppDelegate.swift */,
				4C5F6CE824C697F900C2F149 /* SceneDelegate.swift */,
				4C5F6CEA24C697F900C2F149 /* ViewController.swift */,
				4C5F6CEC24C697F900C2F149 /* Main.storyboard */,
				4C5F6CEF24C697FB00C2F149 /* Assets.xcassets */,
				4C5F6CF124C697FB00C2F149 /* LaunchScreen.storyboard */,
				4C5F6CF424C697FB00C2F149 /* Info.plist */,
				BBC076E92660812A007C46B8 /* linja-sike.otf */,
			);
			path = "ilo lawa";
			sourceTree = "<group>";
		};
		4C5F6D1B24C6980A00C2F149 /* ilo sitelen */ = {
			isa = PBXGroup;
			children = (
				4C5F6D1C24C6980A00C2F149 /* KeyboardViewController.swift */,
				4C5F6D1E24C6980A00C2F149 /* Info.plist */,
				4C5F6D2624C69DE900C2F149 /* keyboardView.xib */,
				4C49015C24C80D65004ACA33 /* keyboardButton.swift */,
				4C5F6D2924C6A94B00C2F149 /* wakalitoData.swift */,
			);
			path = "ilo sitelen";
			sourceTree = "<group>";
		};
/* End PBXGroup section */

/* Begin PBXNativeTarget section */
		4C5F6CE224C697F900C2F149 /* nasin Wakalito */ = {
			isa = PBXNativeTarget;
			buildConfigurationList = 4C5F6D0D24C697FB00C2F149 /* Build configuration list for PBXNativeTarget "nasin Wakalito" */;
			buildPhases = (
				4C5F6CDF24C697F900C2F149 /* Sources */,
				4C5F6CE024C697F900C2F149 /* Frameworks */,
				4C5F6CE124C697F900C2F149 /* Resources */,
				4C5F6D2524C6980A00C2F149 /* Embed App Extensions */,
			);
			buildRules = (
			);
			dependencies = (
				4C5F6D2024C6980A00C2F149 /* PBXTargetDependency */,
			);
			name = "nasin Wakalito";
			productName = keyboard;
			productReference = 4C5F6CE324C697F900C2F149 /* nasin Wakalito.app */;
			productType = "com.apple.product-type.application";
		};
		4C5F6D1924C6980A00C2F149 /* ilo sitelen */ = {
			isa = PBXNativeTarget;
			buildConfigurationList = 4C5F6D2224C6980A00C2F149 /* Build configuration list for PBXNativeTarget "ilo sitelen" */;
			buildPhases = (
				4C5F6D1624C6980A00C2F149 /* Sources */,
				4C5F6D1724C6980A00C2F149 /* Frameworks */,
				4C5F6D1824C6980A00C2F149 /* Resources */,
			);
			buildRules = (
			);
			dependencies = (
			);
			name = "ilo sitelen";
			productName = wakalito;
			productReference = 4C5F6D1A24C6980A00C2F149 /* ilo sitelen.appex */;
			productType = "com.apple.product-type.app-extension";
		};
/* End PBXNativeTarget section */

/* Begin PBXProject section */
		4C5F6CDB24C697F900C2F149 /* Project object */ = {
			isa = PBXProject;
			attributes = {
				LastSwiftUpdateCheck = 1160;
				LastUpgradeCheck = 1160;
				ORGANIZATIONNAME = "kala tonyu";
				TargetAttributes = {
					4C5F6CE224C697F900C2F149 = {
						CreatedOnToolsVersion = 11.6;
					};
					4C5F6D1924C6980A00C2F149 = {
						CreatedOnToolsVersion = 11.6;
					};
				};
			};
			buildConfigurationList = 4C5F6CDE24C697F900C2F149 /* Build configuration list for PBXProject "Wakalito" */;
			compatibilityVersion = "Xcode 9.3";
			developmentRegion = en;
			hasScannedForEncodings = 0;
			knownRegions = (
				en,
				Base,
			);
			mainGroup = 4C5F6CDA24C697F900C2F149;
			productRefGroup = 4C5F6CE424C697F900C2F149 /* Products */;
			projectDirPath = "";
			projectRoot = "";
			targets = (
				4C5F6CE224C697F900C2F149 /* nasin Wakalito */,
				4C5F6D1924C6980A00C2F149 /* ilo sitelen */,
			);
		};
/* End PBXProject section */

/* Begin PBXResourcesBuildPhase section */
		4C5F6CE124C697F900C2F149 /* Resources */ = {
			isa = PBXResourcesBuildPhase;
			buildActionMask = 2147483647;
			files = (
				4C5F6CF324C697FB00C2F149 /* LaunchScreen.storyboard in Resources */,
				BBC076EA2660812A007C46B8 /* linja-sike.otf in Resources */,
				4C5F6CF024C697FB00C2F149 /* Assets.xcassets in Resources */,
				4C5F6CEE24C697F900C2F149 /* Main.storyboard in Resources */,
			);
			runOnlyForDeploymentPostprocessing = 0;
		};
		4C5F6D1824C6980A00C2F149 /* Resources */ = {
			isa = PBXResourcesBuildPhase;
			buildActionMask = 2147483647;
			files = (
				BBC076E3265EB34F007C46B8 /* Assets.xcassets in Resources */,
				BBC076EB2660812A007C46B8 /* linja-sike.otf in Resources */,
				4C5F6D2724C69DE900C2F149 /* keyboardView.xib in Resources */,
			);
			runOnlyForDeploymentPostprocessing = 0;
		};
/* End PBXResourcesBuildPhase section */

/* Begin PBXSourcesBuildPhase section */
		4C5F6CDF24C697F900C2F149 /* Sources */ = {
			isa = PBXSourcesBuildPhase;
			buildActionMask = 2147483647;
			files = (
				4C5F6CEB24C697F900C2F149 /* ViewController.swift in Sources */,
				4C5F6CE724C697F900C2F149 /* AppDelegate.swift in Sources */,
				4C5F6CE924C697F900C2F149 /* SceneDelegate.swift in Sources */,
				BBC076F42660D8AF007C46B8 /* wakalitoData.swift in Sources */,
			);
			runOnlyForDeploymentPostprocessing = 0;
		};
		4C5F6D1624C6980A00C2F149 /* Sources */ = {
			isa = PBXSourcesBuildPhase;
			buildActionMask = 2147483647;
			files = (
				4C49015D24C80D65004ACA33 /* keyboardButton.swift in Sources */,
				4C5F6D1D24C6980A00C2F149 /* KeyboardViewController.swift in Sources */,
				4C49016024C814D3004ACA33 /* wakalitoData.swift in Sources */,
			);
			runOnlyForDeploymentPostprocessing = 0;
		};
/* End PBXSourcesBuildPhase section */

/* Begin PBXTargetDependency section */
		4C5F6D2024C6980A00C2F149 /* PBXTargetDependency */ = {
			isa = PBXTargetDependency;
			target = 4C5F6D1924C6980A00C2F149 /* ilo sitelen */;
			targetProxy = 4C5F6D1F24C6980A00C2F149 /* PBXContainerItemProxy */;
		};
/* End PBXTargetDependency section */

/* Begin PBXVariantGroup section */
		4C5F6CEC24C697F900C2F149 /* Main.storyboard */ = {
			isa = PBXVariantGroup;
			children = (
				4C5F6CED24C697F900C2F149 /* Base */,
			);
			name = Main.storyboard;
			sourceTree = "<group>";
		};
		4C5F6CF124C697FB00C2F149 /* LaunchScreen.storyboard */ = {
			isa = PBXVariantGroup;
			children = (
				4C5F6CF224C697FB00C2F149 /* Base */,
			);
			name = LaunchScreen.storyboard;
			sourceTree = "<group>";
		};
/* End PBXVariantGroup section */

/* Begin XCBuildConfiguration section */
		4C5F6D0B24C697FB00C2F149 /* Debug */ = {
			isa = XCBuildConfiguration;
			buildSettings = {
				ALWAYS_SEARCH_USER_PATHS = NO;
				CLANG_ANALYZER_NONNULL = YES;
				CLANG_ANALYZER_NUMBER_OBJECT_CONVERSION = YES_AGGRESSIVE;
				CLANG_CXX_LANGUAGE_STANDARD = "gnu++14";
				CLANG_CXX_LIBRARY = "libc++";
				CLANG_ENABLE_MODULES = YES;
				CLANG_ENABLE_OBJC_ARC = YES;
				CLANG_ENABLE_OBJC_WEAK = YES;
				CLANG_WARN_BLOCK_CAPTURE_AUTORELEASING = YES;
				CLANG_WARN_BOOL_CONVERSION = YES;
				CLANG_WARN_COMMA = YES;
				CLANG_WARN_CONSTANT_CONVERSION = YES;
				CLANG_WARN_DEPRECATED_OBJC_IMPLEMENTATIONS = YES;
				CLANG_WARN_DIRECT_OBJC_ISA_USAGE = YES_ERROR;
				CLANG_WARN_DOCUMENTATION_COMMENTS = YES;
				CLANG_WARN_EMPTY_BODY = YES;
				CLANG_WARN_ENUM_CONVERSION = YES;
				CLANG_WARN_INFINITE_RECURSION = YES;
				CLANG_WARN_INT_CONVERSION = YES;
				CLANG_WARN_NON_LITERAL_NULL_CONVERSION = YES;
				CLANG_WARN_OBJC_IMPLICIT_RETAIN_SELF = YES;
				CLANG_WARN_OBJC_LITERAL_CONVERSION = YES;
				CLANG_WARN_OBJC_ROOT_CLASS = YES_ERROR;
				CLANG_WARN_RANGE_LOOP_ANALYSIS = YES;
				CLANG_WARN_STRICT_PROTOTYPES = YES;
				CLANG_WARN_SUSPICIOUS_MOVE = YES;
				CLANG_WARN_UNGUARDED_AVAILABILITY = YES_AGGRESSIVE;
				CLANG_WARN_UNREACHABLE_CODE = YES;
				CLANG_WARN__DUPLICATE_METHOD_MATCH = YES;
				COPY_PHASE_STRIP = NO;
				DEBUG_INFORMATION_FORMAT = dwarf;
				ENABLE_STRICT_OBJC_MSGSEND = YES;
				ENABLE_TESTABILITY = YES;
				GCC_C_LANGUAGE_STANDARD = gnu11;
				GCC_DYNAMIC_NO_PIC = NO;
				GCC_NO_COMMON_BLOCKS = YES;
				GCC_OPTIMIZATION_LEVEL = 0;
				GCC_PREPROCESSOR_DEFINITIONS = (
					"DEBUG=1",
					"$(inherited)",
				);
				GCC_WARN_64_TO_32_BIT_CONVERSION = YES;
				GCC_WARN_ABOUT_RETURN_TYPE = YES_ERROR;
				GCC_WARN_UNDECLARED_SELECTOR = YES;
				GCC_WARN_UNINITIALIZED_AUTOS = YES_AGGRESSIVE;
				GCC_WARN_UNUSED_FUNCTION = YES;
				GCC_WARN_UNUSED_VARIABLE = YES;
				IPHONEOS_DEPLOYMENT_TARGET = 13.6;
				MTL_ENABLE_DEBUG_INFO = INCLUDE_SOURCE;
				MTL_FAST_MATH = YES;
				ONLY_ACTIVE_ARCH = YES;
				SDKROOT = iphoneos;
				SWIFT_ACTIVE_COMPILATION_CONDITIONS = DEBUG;
				SWIFT_OPTIMIZATION_LEVEL = "-Onone";
			};
			name = Debug;
		};
		4C5F6D0C24C697FB00C2F149 /* Release */ = {
			isa = XCBuildConfiguration;
			buildSettings = {
				ALWAYS_SEARCH_USER_PATHS = NO;
				CLANG_ANALYZER_NONNULL = YES;
				CLANG_ANALYZER_NUMBER_OBJECT_CONVERSION = YES_AGGRESSIVE;
				CLANG_CXX_LANGUAGE_STANDARD = "gnu++14";
				CLANG_CXX_LIBRARY = "libc++";
				CLANG_ENABLE_MODULES = YES;
				CLANG_ENABLE_OBJC_ARC = YES;
				CLANG_ENABLE_OBJC_WEAK = YES;
				CLANG_WARN_BLOCK_CAPTURE_AUTORELEASING = YES;
				CLANG_WARN_BOOL_CONVERSION = YES;
				CLANG_WARN_COMMA = YES;
				CLANG_WARN_CONSTANT_CONVERSION = YES;
				CLANG_WARN_DEPRECATED_OBJC_IMPLEMENTATIONS = YES;
				CLANG_WARN_DIRECT_OBJC_ISA_USAGE = YES_ERROR;
				CLANG_WARN_DOCUMENTATION_COMMENTS = YES;
				CLANG_WARN_EMPTY_BODY = YES;
				CLANG_WARN_ENUM_CONVERSION = YES;
				CLANG_WARN_INFINITE_RECURSION = YES;
				CLANG_WARN_INT_CONVERSION = YES;
				CLANG_WARN_NON_LITERAL_NULL_CONVERSION = YES;
				CLANG_WARN_OBJC_IMPLICIT_RETAIN_SELF = YES;
				CLANG_WARN_OBJC_LITERAL_CONVERSION = YES;
				CLANG_WARN_OBJC_ROOT_CLASS = YES_ERROR;
				CLANG_WARN_RANGE_LOOP_ANALYSIS = YES;
				CLANG_WARN_STRICT_PROTOTYPES = YES;
				CLANG_WARN_SUSPICIOUS_MOVE = YES;
				CLANG_WARN_UNGUARDED_AVAILABILITY = YES_AGGRESSIVE;
				CLANG_WARN_UNREACHABLE_CODE = YES;
				CLANG_WARN__DUPLICATE_METHOD_MATCH = YES;
				COPY_PHASE_STRIP = NO;
				DEBUG_INFORMATION_FORMAT = "dwarf-with-dsym";
				ENABLE_NS_ASSERTIONS = NO;
				ENABLE_STRICT_OBJC_MSGSEND = YES;
				GCC_C_LANGUAGE_STANDARD = gnu11;
				GCC_NO_COMMON_BLOCKS = YES;
				GCC_WARN_64_TO_32_BIT_CONVERSION = YES;
				GCC_WARN_ABOUT_RETURN_TYPE = YES_ERROR;
				GCC_WARN_UNDECLARED_SELECTOR = YES;
				GCC_WARN_UNINITIALIZED_AUTOS = YES_AGGRESSIVE;
				GCC_WARN_UNUSED_FUNCTION = YES;
				GCC_WARN_UNUSED_VARIABLE = YES;
				IPHONEOS_DEPLOYMENT_TARGET = 13.6;
				MTL_ENABLE_DEBUG_INFO = NO;
				MTL_FAST_MATH = YES;
				SDKROOT = iphoneos;
				SWIFT_COMPILATION_MODE = wholemodule;
				SWIFT_OPTIMIZATION_LEVEL = "-O";
				VALIDATE_PRODUCT = YES;
			};
			name = Release;
		};
		4C5F6D0E24C697FB00C2F149 /* Debug */ = {
			isa = XCBuildConfiguration;
			buildSettings = {
				ALWAYS_EMBED_SWIFT_STANDARD_LIBRARIES = YES;
				ASSETCATALOG_COMPILER_APPICON_NAME = AppIcon;
				CODE_SIGN_STYLE = Automatic;
				CURRENT_PROJECT_VERSION = 4;
				DEVELOPMENT_TEAM = CK5SXRTBR7;
				INFOPLIST_FILE = "ilo lawa/Info.plist";
				LD_RUNPATH_SEARCH_PATHS = (
					"$(inherited)",
					"@executable_path/Frameworks",
				);
				PRODUCT_BUNDLE_IDENTIFIER = "com.tbodt.nasin-Wakalito";
				PRODUCT_NAME = "$(TARGET_NAME)";
				SWIFT_VERSION = 5.0;
				TARGETED_DEVICE_FAMILY = "1,2";
			};
			name = Debug;
		};
		4C5F6D0F24C697FB00C2F149 /* Release */ = {
			isa = XCBuildConfiguration;
			buildSettings = {
				ALWAYS_EMBED_SWIFT_STANDARD_LIBRARIES = YES;
				ASSETCATALOG_COMPILER_APPICON_NAME = AppIcon;
				CODE_SIGN_STYLE = Automatic;
				CURRENT_PROJECT_VERSION = 4;
				DEVELOPMENT_TEAM = CK5SXRTBR7;
				INFOPLIST_FILE = "ilo lawa/Info.plist";
				LD_RUNPATH_SEARCH_PATHS = (
					"$(inherited)",
					"@executable_path/Frameworks",
				);
				PRODUCT_BUNDLE_IDENTIFIER = "com.tbodt.nasin-Wakalito";
				PRODUCT_NAME = "$(TARGET_NAME)";
				SWIFT_VERSION = 5.0;
				TARGETED_DEVICE_FAMILY = "1,2";
			};
			name = Release;
		};
		4C5F6D2324C6980A00C2F149 /* Debug */ = {
			isa = XCBuildConfiguration;
			buildSettings = {
				CODE_SIGN_STYLE = Automatic;
				CURRENT_PROJECT_VERSION = 4;
				DEVELOPMENT_TEAM = CK5SXRTBR7;
				INFOPLIST_FILE = "ilo sitelen/Info.plist";
				LD_RUNPATH_SEARCH_PATHS = (
					"$(inherited)",
					"@executable_path/Frameworks",
					"@executable_path/../../Frameworks",
				);
				PRODUCT_BUNDLE_IDENTIFIER = "com.tbodt.nasin-Wakalito.ilo-sitelen";
				PRODUCT_NAME = "$(TARGET_NAME)";
				SKIP_INSTALL = YES;
				SWIFT_VERSION = 5.0;
				TARGETED_DEVICE_FAMILY = "1,2";
			};
			name = Debug;
		};
		4C5F6D2424C6980A00C2F149 /* Release */ = {
			isa = XCBuildConfiguration;
			buildSettings = {
				CODE_SIGN_STYLE = Automatic;
				CURRENT_PROJECT_VERSION = 4;
				DEVELOPMENT_TEAM = CK5SXRTBR7;
				INFOPLIST_FILE = "ilo sitelen/Info.plist";
				LD_RUNPATH_SEARCH_PATHS = (
					"$(inherited)",
					"@executable_path/Frameworks",
					"@executable_path/../../Frameworks",
				);
				PRODUCT_BUNDLE_IDENTIFIER = "com.tbodt.nasin-Wakalito.ilo-sitelen";
				PRODUCT_NAME = "$(TARGET_NAME)";
				SKIP_INSTALL = YES;
				SWIFT_VERSION = 5.0;
				TARGETED_DEVICE_FAMILY = "1,2";
			};
			name = Release;
		};
/* End XCBuildConfiguration section */

/* Begin XCConfigurationList section */
		4C5F6CDE24C697F900C2F149 /* Build configuration list for PBXProject "Wakalito" */ = {
			isa = XCConfigurationList;
			buildConfigurations = (
				4C5F6D0B24C697FB00C2F149 /* Debug */,
				4C5F6D0C24C697FB00C2F149 /* Release */,
			);
			defaultConfigurationIsVisible = 0;
			defaultConfigurationName = Release;
		};
		4C5F6D0D24C697FB00C2F149 /* Build configuration list for PBXNativeTarget "nasin Wakalito" */ = {
			isa = XCConfigurationList;
			buildConfigurations = (
				4C5F6D0E24C697FB00C2F149 /* Debug */,
				4C5F6D0F24C697FB00C2F149 /* Release */,
			);
			defaultConfigurationIsVisible = 0;
			defaultConfigurationName = Release;
		};
		4C5F6D2224C6980A00C2F149 /* Build configuration list for PBXNativeTarget "ilo sitelen" */ = {
			isa = XCConfigurationList;
			buildConfigurations = (
				4C5F6D2324C6980A00C2F149 /* Debug */,
				4C5F6D2424C6980A00C2F149 /* Release */,
			);
			defaultConfigurationIsVisible = 0;
			defaultConfigurationName = Release;
		};
/* End XCConfigurationList section */
	};
	rootObject = 4C5F6CDB24C697F900C2F149 /* Project object */;
}
